<Solution>
  <Folder Name="/Solution Items/">
    <File Path=".editorconfig" />
    <File Path="Directory.Build.props" />
    <File Path="Directory.Packages.props" />
    <File Path="docker-compose.yaml" />
    <File Path="stylecop.json" />
  </Folder>
  <Folder Name="/src/">
    <Project Path="src/FoodFlow.API/FoodFlow.API.csproj" />
  </Folder>
  <Folder Name="/src/BuildingBlocks/">
    <Project Path="src/BuildingBlocks/FoodFlow.BuildingBlocks.API/FoodFlow.BuildingBlocks.API.csproj" />
    <Project Path="src/BuildingBlocks/FoodFlow.BuildingBlocks.Application/FoodFlow.BuildingBlocks.Application.csproj" />
    <Project Path="src/BuildingBlocks/FoodFlow.BuildingBlocks.Authorization/FoodFlow.BuildingBlocks.Authorization.csproj" />
    <Project Path="src/BuildingBlocks/FoodFlow.BuildingBlocks.Domain/FoodFlow.BuildingBlocks.Domain.csproj" />
    <Project Path="src/BuildingBlocks/FoodFlow.BuildingBlocks.Infrastructure/FoodFlow.BuildingBlocks.Infrastructure.csproj" />
    <Project Path="src/BuildingBlocks/FoodFlow.BuildingBlocks.Results/FoodFlow.BuildingBlocks.Results.csproj" />
    <Project Path="src/BuildingBlocks/FoodFlow.BuildingBlocks.Security/FoodFlow.BuildingBlocks.Security.csproj" />
  </Folder>
  <Folder Name="/src/Modules/" />
  <Folder Name="/src/Modules/Catalog/">
    <Project Path="src/Modules/Catalog/FoodFlow.Modules.Catalog/FoodFlow.Modules.Catalog.csproj" />
  </Folder>
  <Folder Name="/src/Modules/Identity/">
    <Project Path="src/Modules/Identity/FoodFlow.Modules.Identity.Application/FoodFlow.Modules.Identity.Application.csproj" />
    <Project Path="src/Modules/Identity/FoodFlow.Modules.Identity.Domain/FoodFlow.Modules.Identity.Domain.csproj" />
    <Project Path="src/Modules/Identity/FoodFlow.Modules.Identity.Infrastructure/FoodFlow.Modules.Identity.Infrastructure.csproj" />
  </Folder>
  <Folder Name="/src/Modules/Ordering/">
    <Project Path="src/Modules/Ordering/FoodFlow.Modules.Ordering.Application/FoodFlow.Modules.Ordering.Application.csproj" />
    <Project Path="src/Modules/Ordering/FoodFlow.Modules.Ordering.Domain/FoodFlow.Modules.Ordering.Domain.csproj" />
    <Project Path="src/Modules/Ordering/FoodFlow.Modules.Ordering.Infrastructure/FoodFlow.Modules.Ordering.Infrastructure.csproj" />
  </Folder>
</Solution>
